{
  "lockfileVersion": 1,
  "configVersion": 1,
  "workspaces": {
    "": {
      "dependencies": {
        "jomini": "^0.10.0",
      },
    },
  },
  "packages": {
    "jomini": ["jomini@0.10.0", "", {}, "sha512-BfLxtex1n6D+kqu/fMK8VvGPzKbM2GMQTLuoCYD3+Rub1yQ7dhz6KepiKl3FI4JySpfgzDtC0NeV/8hSAKn1wA=="],
  }
}
